// !$*UTF8*$!
{
	archiveVersion = 1;
	classes = {
	};
	objectVersion = 46;
	objects = {

/* Begin PBXBuildFile section */
		320A8F191C74EC600024F518 /* Main.storyboard in Resources */ = {isa = PBXBuildFile; fileRef = 320A8F1B1C74EC600024F518 /* Main.storyboard */; };
		320A8F241C7730770024F518 /* CityListCell.swift in Sources */ = {isa = PBXBuildFile; fileRef = 320A8F1E1C7730770024F518 /* CityListCell.swift */; };
		320A8F251C7730770024F518 /* FirstView.swift in Sources */ = {isa = PBXBuildFile; fileRef = 320A8F1F1C7730770024F518 /* FirstView.swift */; };
		320A8F261C7730770024F518 /* MainView.swift in Sources */ = {isa = PBXBuildFile; fileRef = 320A8F201C7730770024F518 /* MainView.swift */; };
		320A8F271C7730770024F518 /* PullView.swift in Sources */ = {isa = PBXBuildFile; fileRef = 320A8F211C7730770024F518 /* PullView.swift */; };
		320A8F281C7730770024F518 /* WeekWeatherCell.swift in Sources */ = {isa = PBXBuildFile; fileRef = 320A8F221C7730770024F518 /* WeekWeatherCell.swift */; };
		320A8F291C7730770024F518 /* WeekWeatherCollectionView.swift in Sources */ = {isa = PBXBuildFile; fileRef = 320A8F231C7730770024F518 /* WeekWeatherCollectionView.swift */; };
		320A8F2D1C7730950024F518 /* CityListCell.xib in Resources */ = {isa = PBXBuildFile; fileRef = 320A8F2A1C7730950024F518 /* CityListCell.xib */; };
		320A8F2E1C7730950024F518 /* FirstView.xib in Resources */ = {isa = PBXBuildFile; fileRef = 320A8F2B1C7730950024F518 /* FirstView.xib */; };
		320A8F2F1C7730950024F518 /* WeekWeatherCell.xib in Resources */ = {isa = PBXBuildFile; fileRef = 320A8F2C1C7730950024F518 /* WeekWeatherCell.xib */; };
		320A8F341C7732960024F518 /* Assets.xcassets in Resources */ = {isa = PBXBuildFile; fileRef = 320A8F301C7732960024F518 /* Assets.xcassets */; };
		320A8F351C7732960024F518 /* DINNextLTPro-Light.otf in Resources */ = {isa = PBXBuildFile; fileRef = 320A8F311C7732960024F518 /* DINNextLTPro-Light.otf */; };
		320A8F371C7732960024F518 /* WaterSound.wav in Resources */ = {isa = PBXBuildFile; fileRef = 320A8F331C7732960024F518 /* WaterSound.wav */; };
		3215992B1C3E35CC00F68FA4 /* AppDelegate.swift in Sources */ = {isa = PBXBuildFile; fileRef = 3215992A1C3E35CC00F68FA4 /* AppDelegate.swift */; };
		3215994C1C3E371300F68FA4 /* ServiceResult.swift in Sources */ = {isa = PBXBuildFile; fileRef = 3215994B1C3E371300F68FA4 /* ServiceResult.swift */; };
		3215994E1C3E371900F68FA4 /* WeatherResult.swift in Sources */ = {isa = PBXBuildFile; fileRef = 3215994D1C3E371900F68FA4 /* WeatherResult.swift */; };
		321599501C3E371E00F68FA4 /* DailyResult.swift in Sources */ = {isa = PBXBuildFile; fileRef = 3215994F1C3E371E00F68FA4 /* DailyResult.swift */; };
		321599541C3E372800F68FA4 /* LocationService.swift in Sources */ = {isa = PBXBuildFile; fileRef = 321599531C3E372800F68FA4 /* LocationService.swift */; };
		321599581C3E376C00F68FA4 /* DimmingPresentationController.swift in Sources */ = {isa = PBXBuildFile; fileRef = 321599571C3E376C00F68FA4 /* DimmingPresentationController.swift */; };
		3215995A1C3E377200F68FA4 /* GradientView.swift in Sources */ = {isa = PBXBuildFile; fileRef = 321599591C3E377200F68FA4 /* GradientView.swift */; };
		3215995E1C3E378F00F68FA4 /* City.swift in Sources */ = {isa = PBXBuildFile; fileRef = 3215995D1C3E378F00F68FA4 /* City.swift */; };
		321599601C3E379400F68FA4 /* ParserXML.swift in Sources */ = {isa = PBXBuildFile; fileRef = 3215995F1C3E379400F68FA4 /* ParserXML.swift */; };
		321599621C3E379900F68FA4 /* Citys.xml in Resources */ = {isa = PBXBuildFile; fileRef = 321599611C3E379900F68FA4 /* Citys.xml */; };
		321599681C3E3B8E00F68FA4 /* DataModel.swift in Sources */ = {isa = PBXBuildFile; fileRef = 321599671C3E3B8E00F68FA4 /* DataModel.swift */; };
		3215996E1C3E3C1300F68FA4 /* TimePickerViewController.swift in Sources */ = {isa = PBXBuildFile; fileRef = 3215996D1C3E3C1300F68FA4 /* TimePickerViewController.swift */; };
		32B94B481C55E0DD006EE4BB /* UIImageView+WeatherImage.swift in Sources */ = {isa = PBXBuildFile; fileRef = 32B94B471C55E0DD006EE4BB /* UIImageView+WeatherImage.swift */; };
		32C8B58A1CD9F85500757CDD /* MainScrollView.swift in Sources */ = {isa = PBXBuildFile; fileRef = 32C8B5891CD9F85500757CDD /* MainScrollView.swift */; };
		32C8B58C1CDA0D8F00757CDD /* HomeView.swift in Sources */ = {isa = PBXBuildFile; fileRef = 32C8B58B1CDA0D8F00757CDD /* HomeView.swift */; };
		32C8B58E1CDA0DD700757CDD /* HeadView.swift in Sources */ = {isa = PBXBuildFile; fileRef = 32C8B58D1CDA0DD700757CDD /* HeadView.swift */; };
		32C8B5901CDA2AAE00757CDD /* UIcolor+otherColor.swift in Sources */ = {isa = PBXBuildFile; fileRef = 32C8B58F1CDA2AAE00757CDD /* UIcolor+otherColor.swift */; };
		32D1539D1C50FB05000A4959 /* HomeViewController.swift in Sources */ = {isa = PBXBuildFile; fileRef = 32D1539C1C50FB05000A4959 /* HomeViewController.swift */; };
		32F211B81C5358DE00B80498 /* CityListViewController.swift in Sources */ = {isa = PBXBuildFile; fileRef = 32F211B71C5358DE00B80498 /* CityListViewController.swift */; };
		32F211BC1C5361E600B80498 /* SupportTableViewController.swift in Sources */ = {isa = PBXBuildFile; fileRef = 32F211BB1C5361E600B80498 /* SupportTableViewController.swift */; };
		32F211C01C53EFC900B80498 /* InteractiveAnimation.swift in Sources */ = {isa = PBXBuildFile; fileRef = 32F211BF1C53EFC900B80498 /* InteractiveAnimation.swift */; };
		A70F355714621E5F27718690 /* Pods.framework in Frameworks */ = {isa = PBXBuildFile; fileRef = EC37378A4ED40604FEEFD272 /* Pods.framework */; };
/* End PBXBuildFile section */

/* Begin PBXFileReference section */
		320A8F1A1C74EC600024F518 /* Base */ = {isa = PBXFileReference; lastKnownFileType = file.storyboard; name = Base; path = Base.lproj/Main.storyboard; sourceTree = "<group>"; };
		320A8F1E1C7730770024F518 /* CityListCell.swift */ = {isa = PBXFileReference; fileEncoding = 4; lastKnownFileType = sourcecode.swift; path = CityListCell.swift; sourceTree = "<group>"; };
		320A8F1F1C7730770024F518 /* FirstView.swift */ = {isa = PBXFileReference; fileEncoding = 4; lastKnownFileType = sourcecode.swift; path = FirstView.swift; sourceTree = "<group>"; };
		320A8F201C7730770024F518 /* MainView.swift */ = {isa = PBXFileReference; fileEncoding = 4; lastKnownFileType = sourcecode.swift; path = MainView.swift; sourceTree = "<group>"; };
		320A8F211C7730770024F518 /* PullView.swift */ = {isa = PBXFileReference; fileEncoding = 4; lastKnownFileType = sourcecode.swift; path = PullView.swift; sourceTree = "<group>"; };
		320A8F221C7730770024F518 /* WeekWeatherCell.swift */ = {isa = PBXFileReference; fileEncoding = 4; lastKnownFileType = sourcecode.swift; path = WeekWeatherCell.swift; sourceTree = "<group>"; };
		320A8F231C7730770024F518 /* WeekWeatherCollectionView.swift */ = {isa = PBXFileReference; fileEncoding = 4; lastKnownFileType = sourcecode.swift; path = WeekWeatherCollectionView.swift; sourceTree = "<group>"; };
		320A8F2A1C7730950024F518 /* CityListCell.xib */ = {isa = PBXFileReference; fileEncoding = 4; lastKnownFileType = file.xib; path = CityListCell.xib; sourceTree = "<group>"; };
		320A8F2B1C7730950024F518 /* FirstView.xib */ = {isa = PBXFileReference; fileEncoding = 4; lastKnownFileType = file.xib; path = FirstView.xib; sourceTree = "<group>"; };
		320A8F2C1C7730950024F518 /* WeekWeatherCell.xib */ = {isa = PBXFileReference; fileEncoding = 4; lastKnownFileType = file.xib; path = WeekWeatherCell.xib; sourceTree = "<group>"; };
		320A8F301C7732960024F518 /* Assets.xcassets */ = {isa = PBXFileReference; lastKnownFileType = folder.assetcatalog; path = Assets.xcassets; sourceTree = "<group>"; };
		320A8F311C7732960024F518 /* DINNextLTPro-Light.otf */ = {isa = PBXFileReference; lastKnownFileType = file; path = "DINNextLTPro-Light.otf"; sourceTree = "<group>"; };
		320A8F331C7732960024F518 /* WaterSound.wav */ = {isa = PBXFileReference; lastKnownFileType = audio.wav; path = WaterSound.wav; sourceTree = "<group>"; };
		320A8F381C77330D0024F518 /* Info.plist */ = {isa = PBXFileReference; fileEncoding = 4; lastKnownFileType = text.plist.xml; path = Info.plist; sourceTree = "<group>"; };
		321599271C3E35CC00F68FA4 /* UmbrellaWeather.app */ = {isa = PBXFileReference; explicitFileType = wrapper.application; includeInIndex = 0; path = UmbrellaWeather.app; sourceTree = BUILT_PRODUCTS_DIR; };
		3215992A1C3E35CC00F68FA4 /* AppDelegate.swift */ = {isa = PBXFileReference; lastKnownFileType = sourcecode.swift; lineEnding = 0; path = AppDelegate.swift; sourceTree = "<group>"; xcLanguageSpecificationIdentifier = xcode.lang.swift; };
		3215994B1C3E371300F68FA4 /* ServiceResult.swift */ = {isa = PBXFileReference; fileEncoding = 4; lastKnownFileType = sourcecode.swift; lineEnding = 0; path = ServiceResult.swift; sourceTree = "<group>"; xcLanguageSpecificationIdentifier = xcode.lang.swift; };
		3215994D1C3E371900F68FA4 /* WeatherResult.swift */ = {isa = PBXFileReference; fileEncoding = 4; lastKnownFileType = sourcecode.swift; name = WeatherResult.swift; path = ../Server/WeatherResult.swift; sourceTree = "<group>"; };
		3215994F1C3E371E00F68FA4 /* DailyResult.swift */ = {isa = PBXFileReference; fileEncoding = 4; lastKnownFileType = sourcecode.swift; name = DailyResult.swift; path = ../Server/DailyResult.swift; sourceTree = "<group>"; };
		321599531C3E372800F68FA4 /* LocationService.swift */ = {isa = PBXFileReference; fileEncoding = 4; lastKnownFileType = sourcecode.swift; lineEnding = 0; path = LocationService.swift; sourceTree = "<group>"; xcLanguageSpecificationIdentifier = xcode.lang.swift; };
		321599571C3E376C00F68FA4 /* DimmingPresentationController.swift */ = {isa = PBXFileReference; fileEncoding = 4; lastKnownFileType = sourcecode.swift; path = DimmingPresentationController.swift; sourceTree = "<group>"; };
		321599591C3E377200F68FA4 /* GradientView.swift */ = {isa = PBXFileReference; fileEncoding = 4; lastKnownFileType = sourcecode.swift; path = GradientView.swift; sourceTree = "<group>"; };
		3215995D1C3E378F00F68FA4 /* City.swift */ = {isa = PBXFileReference; fileEncoding = 4; lastKnownFileType = sourcecode.swift; path = City.swift; sourceTree = "<group>"; };
		3215995F1C3E379400F68FA4 /* ParserXML.swift */ = {isa = PBXFileReference; fileEncoding = 4; lastKnownFileType = sourcecode.swift; path = ParserXML.swift; sourceTree = "<group>"; };
		321599611C3E379900F68FA4 /* Citys.xml */ = {isa = PBXFileReference; fileEncoding = 4; lastKnownFileType = text.xml; path = Citys.xml; sourceTree = "<group>"; };
		321599671C3E3B8E00F68FA4 /* DataModel.swift */ = {isa = PBXFileReference; fileEncoding = 4; lastKnownFileType = sourcecode.swift; path = DataModel.swift; sourceTree = "<group>"; };
		3215996D1C3E3C1300F68FA4 /* TimePickerViewController.swift */ = {isa = PBXFileReference; fileEncoding = 4; lastKnownFileType = sourcecode.swift; path = TimePickerViewController.swift; sourceTree = "<group>"; };
		32B94B471C55E0DD006EE4BB /* UIImageView+WeatherImage.swift */ = {isa = PBXFileReference; fileEncoding = 4; lastKnownFileType = sourcecode.swift; path = "UIImageView+WeatherImage.swift"; sourceTree = "<group>"; };
		32C8B5891CD9F85500757CDD /* MainScrollView.swift */ = {isa = PBXFileReference; fileEncoding = 4; lastKnownFileType = sourcecode.swift; path = MainScrollView.swift; sourceTree = "<group>"; };
		32C8B58B1CDA0D8F00757CDD /* HomeView.swift */ = {isa = PBXFileReference; fileEncoding = 4; lastKnownFileType = sourcecode.swift; path = HomeView.swift; sourceTree = "<group>"; };
		32C8B58D1CDA0DD700757CDD /* HeadView.swift */ = {isa = PBXFileReference; fileEncoding = 4; lastKnownFileType = sourcecode.swift; path = HeadView.swift; sourceTree = "<group>"; };
		32C8B58F1CDA2AAE00757CDD /* UIcolor+otherColor.swift */ = {isa = PBXFileReference; fileEncoding = 4; lastKnownFileType = sourcecode.swift; path = "UIcolor+otherColor.swift"; sourceTree = "<group>"; };
		32D1539C1C50FB05000A4959 /* HomeViewController.swift */ = {isa = PBXFileReference; fileEncoding = 4; lastKnownFileType = sourcecode.swift; lineEnding = 0; path = HomeViewController.swift; sourceTree = "<group>"; xcLanguageSpecificationIdentifier = xcode.lang.swift; };
		32F211B71C5358DE00B80498 /* CityListViewController.swift */ = {isa = PBXFileReference; fileEncoding = 4; lastKnownFileType = sourcecode.swift; path = CityListViewController.swift; sourceTree = "<group>"; };
		32F211BB1C5361E600B80498 /* SupportTableViewController.swift */ = {isa = PBXFileReference; fileEncoding = 4; lastKnownFileType = sourcecode.swift; path = SupportTableViewController.swift; sourceTree = "<group>"; };
		32F211BF1C53EFC900B80498 /* InteractiveAnimation.swift */ = {isa = PBXFileReference; fileEncoding = 4; lastKnownFileType = sourcecode.swift; path = InteractiveAnimation.swift; sourceTree = "<group>"; };
		E76A1C10B9FEC9B6E129190B /* Pods.release.xcconfig */ = {isa = PBXFileReference; includeInIndex = 1; lastKnownFileType = text.xcconfig; name = Pods.release.xcconfig; path = "Pods/Target Support Files/Pods/Pods.release.xcconfig"; sourceTree = "<group>"; };
		EC37378A4ED40604FEEFD272 /* Pods.framework */ = {isa = PBXFileReference; explicitFileType = wrapper.framework; includeInIndex = 0; path = Pods.framework; sourceTree = BUILT_PRODUCTS_DIR; };
		FF206AD08664F268F593CBC0 /* Pods.debug.xcconfig */ = {isa = PBXFileReference; includeInIndex = 1; lastKnownFileType = text.xcconfig; name = Pods.debug.xcconfig; path = "Pods/Target Support Files/Pods/Pods.debug.xcconfig"; sourceTree = "<group>"; };
/* End PBXFileReference section */

/* Begin PBXFrameworksBuildPhase section */
		321599241C3E35CC00F68FA4 /* Frameworks */ = {
			isa = PBXFrameworksBuildPhase;
			buildActionMask = 2147483647;
			files = (
				A70F355714621E5F27718690 /* Pods.framework in Frameworks */,
			);
			runOnlyForDeploymentPostprocessing = 0;
		};
/* End PBXFrameworksBuildPhase section */

/* Begin PBXGroup section */
		3215991E1C3E35CC00F68FA4 = {
			isa = PBXGroup;
			children = (
				321599291C3E35CC00F68FA4 /* UmbrellaWeather */,
				321599281C3E35CC00F68FA4 /* Products */,
				7EE8AE5283A59FF782005F6F /* Pods */,
				E3678054E28D90CF25381A9E /* Frameworks */,
			);
			sourceTree = "<group>";
		};
		321599281C3E35CC00F68FA4 /* Products */ = {
			isa = PBXGroup;
			children = (
				321599271C3E35CC00F68FA4 /* UmbrellaWeather.app */,
			);
			name = Products;
			sourceTree = "<group>";
		};
		321599291C3E35CC00F68FA4 /* UmbrellaWeather */ = {
			isa = PBXGroup;
			children = (
				3215992A1C3E35CC00F68FA4 /* AppDelegate.swift */,
				32D1539C1C50FB05000A4959 /* HomeViewController.swift */,
				3215996D1C3E3C1300F68FA4 /* TimePickerViewController.swift */,
				32F211BB1C5361E600B80498 /* SupportTableViewController.swift */,
				32F211B71C5358DE00B80498 /* CityListViewController.swift */,
				32C8B58F1CDA2AAE00757CDD /* UIcolor+otherColor.swift */,
				3221724B1C5B8854008EBA1D /* View */,
				321599421C3E36BD00F68FA4 /* Animated */,
				321599411C3E36A700F68FA4 /* Service */,
				321599401C3E368C00F68FA4 /* DataModel */,
				3221724D1C5B89D4008EBA1D /* Interface */,
				3221724C1C5B8960008EBA1D /* Sources */,
				320A8F381C77330D0024F518 /* Info.plist */,
			);
			path = UmbrellaWeather;
			sourceTree = "<group>";
		};
		321599401C3E368C00F68FA4 /* DataModel */ = {
			isa = PBXGroup;
			children = (
				321599671C3E3B8E00F68FA4 /* DataModel.swift */,
				3215994D1C3E371900F68FA4 /* WeatherResult.swift */,
				3215994F1C3E371E00F68FA4 /* DailyResult.swift */,
				3215995D1C3E378F00F68FA4 /* City.swift */,
				3215995F1C3E379400F68FA4 /* ParserXML.swift */,
				321599611C3E379900F68FA4 /* Citys.xml */,
			);
			path = DataModel;
			sourceTree = "<group>";
		};
		321599411C3E36A700F68FA4 /* Service */ = {
			isa = PBXGroup;
			children = (
				3215994B1C3E371300F68FA4 /* ServiceResult.swift */,
				321599531C3E372800F68FA4 /* LocationService.swift */,
				32B94B471C55E0DD006EE4BB /* UIImageView+WeatherImage.swift */,
			);
			name = Service;
			path = Server;
			sourceTree = "<group>";
		};
		321599421C3E36BD00F68FA4 /* Animated */ = {
			isa = PBXGroup;
			children = (
				321599571C3E376C00F68FA4 /* DimmingPresentationController.swift */,
				321599591C3E377200F68FA4 /* GradientView.swift */,
				32F211BF1C53EFC900B80498 /* InteractiveAnimation.swift */,
			);
			path = Animated;
			sourceTree = "<group>";
		};
		3221724B1C5B8854008EBA1D /* View */ = {
			isa = PBXGroup;
			children = (
				320A8F1E1C7730770024F518 /* CityListCell.swift */,
				320A8F1F1C7730770024F518 /* FirstView.swift */,
				32C8B5891CD9F85500757CDD /* MainScrollView.swift */,
				320A8F201C7730770024F518 /* MainView.swift */,
				32C8B58B1CDA0D8F00757CDD /* HomeView.swift */,
				32C8B58D1CDA0DD700757CDD /* HeadView.swift */,
				320A8F211C7730770024F518 /* PullView.swift */,
				320A8F221C7730770024F518 /* WeekWeatherCell.swift */,
				320A8F231C7730770024F518 /* WeekWeatherCollectionView.swift */,
			);
			path = View;
			sourceTree = "<group>";
		};
		3221724C1C5B8960008EBA1D /* Sources */ = {
			isa = PBXGroup;
			children = (
				320A8F301C7732960024F518 /* Assets.xcassets */,
				320A8F311C7732960024F518 /* DINNextLTPro-Light.otf */,
				320A8F331C7732960024F518 /* WaterSound.wav */,
			);
			path = Sources;
			sourceTree = "<group>";
		};
		3221724D1C5B89D4008EBA1D /* Interface */ = {
			isa = PBXGroup;
			children = (
				320A8F1B1C74EC600024F518 /* Main.storyboard */,
				320A8F2A1C7730950024F518 /* CityListCell.xib */,
				320A8F2B1C7730950024F518 /* FirstView.xib */,
				320A8F2C1C7730950024F518 /* WeekWeatherCell.xib */,
			);
			path = Interface;
			sourceTree = "<group>";
		};
		7EE8AE5283A59FF782005F6F /* Pods */ = {
			isa = PBXGroup;
			children = (
				FF206AD08664F268F593CBC0 /* Pods.debug.xcconfig */,
				E76A1C10B9FEC9B6E129190B /* Pods.release.xcconfig */,
			);
			name = Pods;
			sourceTree = "<group>";
		};
		E3678054E28D90CF25381A9E /* Frameworks */ = {
			isa = PBXGroup;
			children = (
				EC37378A4ED40604FEEFD272 /* Pods.framework */,
			);
			name = Frameworks;
			sourceTree = "<group>";
		};
/* End PBXGroup section */

/* Begin PBXNativeTarget section */
		321599261C3E35CC00F68FA4 /* UmbrellaWeather */ = {
			isa = PBXNativeTarget;
			buildConfigurationList = 321599391C3E35CC00F68FA4 /* Build configuration list for PBXNativeTarget "UmbrellaWeather" */;
			buildPhases = (
				78B24D53E7F9E0A23C8E8425 /* Check Pods Manifest.lock */,
				321599231C3E35CC00F68FA4 /* Sources */,
				321599241C3E35CC00F68FA4 /* Frameworks */,
				321599251C3E35CC00F68FA4 /* Resources */,
				EA3A16AFAEF3D099302BE743 /* Embed Pods Frameworks */,
				4139B63036010023A30CB969 /* Copy Pods Resources */,
			);
			buildRules = (
			);
			dependencies = (
			);
			name = UmbrellaWeather;
			productName = UmbrellaWeather;
			productReference = 321599271C3E35CC00F68FA4 /* UmbrellaWeather.app */;
			productType = "com.apple.product-type.application";
		};
/* End PBXNativeTarget section */

/* Begin PBXProject section */
		3215991F1C3E35CC00F68FA4 /* Project object */ = {
			isa = PBXProject;
			attributes = {
				LastSwiftUpdateCheck = 0720;
				LastUpgradeCheck = 0720;
				ORGANIZATIONNAME = ZeroJian;
				TargetAttributes = {
					321599261C3E35CC00F68FA4 = {
						CreatedOnToolsVersion = 7.2;
						SystemCapabilities = {
							com.apple.BackgroundModes = {
								enabled = 1;
							};
							com.apple.InterAppAudio = {
								enabled = 0;
							};
							com.apple.Push = {
								enabled = 0;
							};
						};
					};
				};
			};
			buildConfigurationList = 321599221C3E35CC00F68FA4 /* Build configuration list for PBXProject "UmbrellaWeather" */;
			compatibilityVersion = "Xcode 3.2";
			developmentRegion = English;
			hasScannedForEncodings = 0;
			knownRegions = (
				en,
				Base,
			);
			mainGroup = 3215991E1C3E35CC00F68FA4;
			productRefGroup = 321599281C3E35CC00F68FA4 /* Products */;
			projectDirPath = "";
			projectRoot = "";
			targets = (
				321599261C3E35CC00F68FA4 /* UmbrellaWeather */,
			);
		};
/* End PBXProject section */

/* Begin PBXResourcesBuildPhase section */
		321599251C3E35CC00F68FA4 /* Resources */ = {
			isa = PBXResourcesBuildPhase;
			buildActionMask = 2147483647;
			files = (
				320A8F2D1C7730950024F518 /* CityListCell.xib in Resources */,
				320A8F371C7732960024F518 /* WaterSound.wav in Resources */,
				320A8F191C74EC600024F518 /* Main.storyboard in Resources */,
				321599621C3E379900F68FA4 /* Citys.xml in Resources */,
				320A8F2F1C7730950024F518 /* WeekWeatherCell.xib in Resources */,
				320A8F341C7732960024F518 /* Assets.xcassets in Resources */,
				320A8F2E1C7730950024F518 /* FirstView.xib in Resources */,
				320A8F351C7732960024F518 /* DINNextLTPro-Light.otf in Resources */,
			);
			runOnlyForDeploymentPostprocessing = 0;
		};
/* End PBXResourcesBuildPhase section */

/* Begin PBXShellScriptBuildPhase section */
		4139B63036010023A30CB969 /* Copy Pods Resources */ = {
			isa = PBXShellScriptBuildPhase;
			buildActionMask = 2147483647;
			files = (
			);
			inputPaths = (
			);
			name = "Copy Pods Resources";
			outputPaths = (
			);
			runOnlyForDeploymentPostprocessing = 0;
			shellPath = /bin/sh;
			shellScript = "\"${SRCROOT}/Pods/Target Support Files/Pods/Pods-resources.sh\"\n";
			showEnvVarsInLog = 0;
		};
		78B24D53E7F9E0A23C8E8425 /* Check Pods Manifest.lock */ = {
			isa = PBXShellScriptBuildPhase;
			buildActionMask = 2147483647;
			files = (
			);
			inputPaths = (
			);
			name = "Check Pods Manifest.lock";
			outputPaths = (
			);
			runOnlyForDeploymentPostprocessing = 0;
			shellPath = /bin/sh;
			shellScript = "diff \"${PODS_ROOT}/../Podfile.lock\" \"${PODS_ROOT}/Manifest.lock\" > /dev/null\nif [[ $? != 0 ]] ; then\n    cat << EOM\nerror: The sandbox is not in sync with the Podfile.lock. Run 'pod install' or update your CocoaPods installation.\nEOM\n    exit 1\nfi\n";
			showEnvVarsInLog = 0;
		};
		EA3A16AFAEF3D099302BE743 /* Embed Pods Frameworks */ = {
			isa = PBXShellScriptBuildPhase;
			buildActionMask = 2147483647;
			files = (
			);
			inputPaths = (
			);
			name = "Embed Pods Frameworks";
			outputPaths = (
			);
			runOnlyForDeploymentPostprocessing = 0;
			shellPath = /bin/sh;
			shellScript = "\"${SRCROOT}/Pods/Target Support Files/Pods/Pods-frameworks.sh\"\n";
			showEnvVarsInLog = 0;
		};
/* End PBXShellScriptBuildPhase section */

/* Begin PBXSourcesBuildPhase section */
		321599231C3E35CC00F68FA4 /* Sources */ = {
			isa = PBXSourcesBuildPhase;
			buildActionMask = 2147483647;
			files = (
				320A8F291C7730770024F518 /* WeekWeatherCollectionView.swift in Sources */,
				320A8F261C7730770024F518 /* MainView.swift in Sources */,
				3215992B1C3E35CC00F68FA4 /* AppDelegate.swift in Sources */,
				320A8F241C7730770024F518 /* CityListCell.swift in Sources */,
				32C8B58A1CD9F85500757CDD /* MainScrollView.swift in Sources */,
				321599541C3E372800F68FA4 /* LocationService.swift in Sources */,
				3215994C1C3E371300F68FA4 /* ServiceResult.swift in Sources */,
				320A8F251C7730770024F518 /* FirstView.swift in Sources */,
				32F211B81C5358DE00B80498 /* CityListViewController.swift in Sources */,
				32F211C01C53EFC900B80498 /* InteractiveAnimation.swift in Sources */,
				32C8B58E1CDA0DD700757CDD /* HeadView.swift in Sources */,
				32F211BC1C5361E600B80498 /* SupportTableViewController.swift in Sources */,
				320A8F281C7730770024F518 /* WeekWeatherCell.swift in Sources */,
				32D1539D1C50FB05000A4959 /* HomeViewController.swift in Sources */,
				32B94B481C55E0DD006EE4BB /* UIImageView+WeatherImage.swift in Sources */,
				321599601C3E379400F68FA4 /* ParserXML.swift in Sources */,
				3215994E1C3E371900F68FA4 /* WeatherResult.swift in Sources */,
				320A8F271C7730770024F518 /* PullView.swift in Sources */,
				32C8B5901CDA2AAE00757CDD /* UIcolor+otherColor.swift in Sources */,
				321599501C3E371E00F68FA4 /* DailyResult.swift in Sources */,
				3215995E1C3E378F00F68FA4 /* City.swift in Sources */,
				3215996E1C3E3C1300F68FA4 /* TimePickerViewController.swift in Sources */,
				3215995A1C3E377200F68FA4 /* GradientView.swift in Sources */,
				32C8B58C1CDA0D8F00757CDD /* HomeView.swift in Sources */,
				321599581C3E376C00F68FA4 /* DimmingPresentationController.swift in Sources */,
				321599681C3E3B8E00F68FA4 /* DataModel.swift in Sources */,
			);
			runOnlyForDeploymentPostprocessing = 0;
		};
/* End PBXSourcesBuildPhase section */

/* Begin PBXVariantGroup section */
		320A8F1B1C74EC600024F518 /* Main.storyboard */ = {
			isa = PBXVariantGroup;
			children = (
				320A8F1A1C74EC600024F518 /* Base */,
			);
			name = Main.storyboard;
			path = ..;
			sourceTree = "<group>";
		};
/* End PBXVariantGroup section */

/* Begin XCBuildConfiguration section */
		321599371C3E35CC00F68FA4 /* Debug */ = {
			isa = XCBuildConfiguration;
			buildSettings = {
				ALWAYS_SEARCH_USER_PATHS = NO;
				CLANG_CXX_LANGUAGE_STANDARD = "gnu++0x";
				CLANG_CXX_LIBRARY = "libc++";
				CLANG_ENABLE_MODULES = YES;
				CLANG_ENABLE_OBJC_ARC = YES;
				CLANG_WARN_BOOL_CONVERSION = YES;
				CLANG_WARN_CONSTANT_CONVERSION = YES;
				CLANG_WARN_DIRECT_OBJC_ISA_USAGE = YES_ERROR;
				CLANG_WARN_EMPTY_BODY = YES;
				CLANG_WARN_ENUM_CONVERSION = YES;
				CLANG_WARN_INT_CONVERSION = YES;
				CLANG_WARN_OBJC_ROOT_CLASS = YES_ERROR;
				CLANG_WARN_UNREACHABLE_CODE = YES;
				CLANG_WARN__DUPLICATE_METHOD_MATCH = YES;
				"CODE_SIGN_IDENTITY[sdk=iphoneos*]" = "iPhone Developer";
				COPY_PHASE_STRIP = NO;
				DEBUG_INFORMATION_FORMAT = dwarf;
				ENABLE_STRICT_OBJC_MSGSEND = YES;
				ENABLE_TESTABILITY = YES;
				GCC_C_LANGUAGE_STANDARD = gnu99;
				GCC_DYNAMIC_NO_PIC = NO;
				GCC_NO_COMMON_BLOCKS = YES;
				GCC_OPTIMIZATION_LEVEL = 0;
				GCC_PREPROCESSOR_DEFINITIONS = (
					"DEBUG=1",
					"$(inherited)",
				);
				GCC_WARN_64_TO_32_BIT_CONVERSION = YES;
				GCC_WARN_ABOUT_RETURN_TYPE = YES_ERROR;
				GCC_WARN_UNDECLARED_SELECTOR = YES;
				GCC_WARN_UNINITIALIZED_AUTOS = YES_AGGRESSIVE;
				GCC_WARN_UNUSED_FUNCTION = YES;
				GCC_WARN_UNUSED_VARIABLE = YES;
				IPHONEOS_DEPLOYMENT_TARGET = 9.2;
				MTL_ENABLE_DEBUG_INFO = YES;
				ONLY_ACTIVE_ARCH = YES;
				SDKROOT = iphoneos;
				SWIFT_OPTIMIZATION_LEVEL = "-Onone";
			};
			name = Debug;
		};
		321599381C3E35CC00F68FA4 /* Release */ = {
			isa = XCBuildConfiguration;
			buildSettings = {
				ALWAYS_SEARCH_USER_PATHS = NO;
				CLANG_CXX_LANGUAGE_STANDARD = "gnu++0x";
				CLANG_CXX_LIBRARY = "libc++";
				CLANG_ENABLE_MODULES = YES;
				CLANG_ENABLE_OBJC_ARC = YES;
				CLANG_WARN_BOOL_CONVERSION = YES;
				CLANG_WARN_CONSTANT_CONVERSION = YES;
				CLANG_WARN_DIRECT_OBJC_ISA_USAGE = YES_ERROR;
				CLANG_WARN_EMPTY_BODY = YES;
				CLANG_WARN_ENUM_CONVERSION = YES;
				CLANG_WARN_INT_CONVERSION = YES;
				CLANG_WARN_OBJC_ROOT_CLASS = YES_ERROR;
				CLANG_WARN_UNREACHABLE_CODE = YES;
				CLANG_WARN__DUPLICATE_METHOD_MATCH = YES;
				"CODE_SIGN_IDENTITY[sdk=iphoneos*]" = "iPhone Developer";
				COPY_PHASE_STRIP = NO;
				DEBUG_INFORMATION_FORMAT = "dwarf-with-dsym";
				ENABLE_NS_ASSERTIONS = NO;
				ENABLE_STRICT_OBJC_MSGSEND = YES;
				GCC_C_LANGUAGE_STANDARD = gnu99;
				GCC_NO_COMMON_BLOCKS = YES;
				GCC_WARN_64_TO_32_BIT_CONVERSION = YES;
				GCC_WARN_ABOUT_RETURN_TYPE = YES_ERROR;
				GCC_WARN_UNDECLARED_SELECTOR = YES;
				GCC_WARN_UNINITIALIZED_AUTOS = YES_AGGRESSIVE;
				GCC_WARN_UNUSED_FUNCTION = YES;
				GCC_WARN_UNUSED_VARIABLE = YES;
				IPHONEOS_DEPLOYMENT_TARGET = 9.2;
				MTL_ENABLE_DEBUG_INFO = NO;
				SDKROOT = iphoneos;
				VALIDATE_PRODUCT = YES;
			};
			name = Release;
		};
		3215993A1C3E35CC00F68FA4 /* Debug */ = {
			isa = XCBuildConfiguration;
			baseConfigurationReference = FF206AD08664F268F593CBC0 /* Pods.debug.xcconfig */;
			buildSettings = {
				ASSETCATALOG_COMPILER_APPICON_NAME = AppIcon;
				ASSETCATALOG_COMPILER_LAUNCHIMAGE_NAME = "Brand Assets";
				CLANG_ENABLE_MODULES = YES;
				CODE_SIGN_IDENTITY = "iPhone Developer";
				"CODE_SIGN_IDENTITY[sdk=iphoneos*]" = "iPhone Developer";
				INFOPLIST_FILE = UmbrellaWeather/Info.plist;
				IPHONEOS_DEPLOYMENT_TARGET = 8.0;
				LD_RUNPATH_SEARCH_PATHS = "$(inherited) @executable_path/Frameworks";
				LIBRARY_SEARCH_PATHS = "$(inherited)";
				PRODUCT_BUNDLE_IDENTIFIER = com.zerojian.UmbWeather;
				PRODUCT_NAME = "$(TARGET_NAME)";
				PROVISIONING_PROFILE = "";
				SWIFT_OBJC_BRIDGING_HEADER = "";
				SWIFT_OPTIMIZATION_LEVEL = "-Onone";
				TARGETED_DEVICE_FAMILY = 1;
			};
			name = Debug;
		};
		3215993B1C3E35CC00F68FA4 /* Release */ = {
			isa = XCBuildConfiguration;
			baseConfigurationReference = E76A1C10B9FEC9B6E129190B /* Pods.release.xcconfig */;
			buildSettings = {
				ASSETCATALOG_COMPILER_APPICON_NAME = AppIcon;
				ASSETCATALOG_COMPILER_LAUNCHIMAGE_NAME = "Brand Assets";
				CLANG_ENABLE_MODULES = YES;
				CODE_SIGN_IDENTITY = "iPhone Developer";
				"CODE_SIGN_IDENTITY[sdk=iphoneos*]" = "iPhone Developer";
				INFOPLIST_FILE = UmbrellaWeather/Info.plist;
				IPHONEOS_DEPLOYMENT_TARGET = 8.0;
				LD_RUNPATH_SEARCH_PATHS = "$(inherited) @executable_path/Frameworks";
				LIBRARY_SEARCH_PATHS = "$(inherited)";
				PRODUCT_BUNDLE_IDENTIFIER = com.zerojian.UmbWeather;
				PRODUCT_NAME = "$(TARGET_NAME)";
				PROVISIONING_PROFILE = "";
				SWIFT_OBJC_BRIDGING_HEADER = "";
				TARGETED_DEVICE_FAMILY = 1;
			};
			name = Release;
		};
/* End XCBuildConfiguration section */

/* Begin XCConfigurationList section */
		321599221C3E35CC00F68FA4 /* Build configuration list for PBXProject "UmbrellaWeather" */ = {
			isa = XCConfigurationList;
			buildConfigurations = (
				321599371C3E35CC00F68FA4 /* Debug */,
				321599381C3E35CC00F68FA4 /* Release */,
			);
			defaultConfigurationIsVisible = 0;
			defaultConfigurationName = Release;
		};
		321599391C3E35CC00F68FA4 /* Build configuration list for PBXNativeTarget "UmbrellaWeather" */ = {
			isa = XCConfigurationList;
			buildConfigurations = (
				3215993A1C3E35CC00F68FA4 /* Debug */,
				3215993B1C3E35CC00F68FA4 /* Release */,
			);
			defaultConfigurationIsVisible = 0;
			defaultConfigurationName = Release;
		};
/* End XCConfigurationList section */
	};
	rootObject = 3215991F1C3E35CC00F68FA4 /* Project object */;
}
